
Microsoft Visual Studio Solution File, Format Version 12.00
# Visual Studio 15
VisualStudioVersion = 15.0.28307.2092
MinimumVisualStudioVersion = 10.0.40219.1
Project("{FAE04EC0-301F-11D3-BF4B-00C04F79EFBC}") = "Lab02_Tomchuk", "Lab02_Tomchuk\Lab02_Tomchuk.csproj", "{FD351FEC-99CA-4954-9591-8F316507DEA3}"
EndProject
Global
	GlobalSection(SolutionConfigurationPlatforms) = preSolution
		Debug|Any CPU = Debug|Any CPU
		Release|Any CPU = Release|Any CPU
	EndGlobalSection
	GlobalSection(ProjectConfigurationPlatforms) = postSolution
		{FD351FEC-99CA-4954-9591-8F316507DEA3}.Debug|Any CPU.ActiveCfg = Debug|Any CPU
		{FD351FEC-99CA-4954-9591-8F316507DEA3}.Debug|Any CPU.Build.0 = Debug|Any CPU
		{FD351FEC-99CA-4954-9591-8F316507DEA3}.Release|Any CPU.ActiveCfg = Release|Any CPU
		{FD351FEC-99CA-4954-9591-8F316507DEA3}.Release|Any CPU.Build.0 = Release|Any CPU
	EndGlobalSection
	GlobalSection(SolutionProperties) = preSolution
		HideSolutionNode = FALSE
	EndGlobalSection
	GlobalSection(ExtensibilityGlobals) = postSolution
		SolutionGuid = {66C2C61F-F828-428A-87B5-EFFD86903E3A}
	EndGlobalSection
EndGlobal
